
Microsoft Visual Studio Solution File, Format Version 11.00
# Visual Studio 2010
Project("{FAE04EC0-301F-11D3-BF4B-00C04F79EFBC}") = "PLTLayer", "PLTLayer\PLTLayer.csproj", "{F8511918-683D-4461-BA49-84186A90C4D7}"
EndProject
Project("{FAE04EC0-301F-11D3-BF4B-00C04F79EFBC}") = "PLTLayerTestApp", "PLTLayerTestApp\PLTLayerTestApp.csproj", "{C706CEAE-F660-43BE-85C2-EDAF35AC0A52}"
EndProject
Global
	GlobalSection(SolutionConfigurationPlatforms) = preSolution
		Debug|Any CPU = Debug|Any CPU
		Debug|Mixed Platforms = Debug|Mixed Platforms
		Debug|x86 = Debug|x86
		Release|Any CPU = Release|Any CPU
		Release|Mixed Platforms = Release|Mixed Platforms
		Release|x86 = Release|x86
	EndGlobalSection
	GlobalSection(ProjectConfigurationPlatforms) = postSolution
		{F8511918-683D-4461-BA49-84186A90C4D7}.Debug|Any CPU.ActiveCfg = Debug|Any CPU
		{F8511918-683D-4461-BA49-84186A90C4D7}.Debug|Any CPU.Build.0 = Debug|Any CPU
		{F8511918-683D-4461-BA49-84186A90C4D7}.Debug|Mixed Platforms.ActiveCfg = Debug|Any CPU
		{F8511918-683D-4461-BA49-84186A90C4D7}.Debug|Mixed Platforms.Build.0 = Debug|Any CPU
		{F8511918-683D-4461-BA49-84186A90C4D7}.Debug|x86.ActiveCfg = Debug|Any CPU
		{F8511918-683D-4461-BA49-84186A90C4D7}.Release|Any CPU.ActiveCfg = Release|Any CPU
		{F8511918-683D-4461-BA49-84186A90C4D7}.Release|Any CPU.Build.0 = Release|Any CPU
		{F8511918-683D-4461-BA49-84186A90C4D7}.Release|Mixed Platforms.ActiveCfg = Release|Any CPU
		{F8511918-683D-4461-BA49-84186A90C4D7}.Release|Mixed Platforms.Build.0 = Release|Any CPU
		{F8511918-683D-4461-BA49-84186A90C4D7}.Release|x86.ActiveCfg = Release|Any CPU
		{C706CEAE-F660-43BE-85C2-EDAF35AC0A52}.Debug|Any CPU.ActiveCfg = Debug|x86
		{C706CEAE-F660-43BE-85C2-EDAF35AC0A52}.Debug|Mixed Platforms.ActiveCfg = Debug|x86
		{C706CEAE-F660-43BE-85C2-EDAF35AC0A52}.Debug|Mixed Platforms.Build.0 = Debug|x86
		{C706CEAE-F660-43BE-85C2-EDAF35AC0A52}.Debug|x86.ActiveCfg = Debug|x86
		{C706CEAE-F660-43BE-85C2-EDAF35AC0A52}.Debug|x86.Build.0 = Debug|x86
		{C706CEAE-F660-43BE-85C2-EDAF35AC0A52}.Release|Any CPU.ActiveCfg = Release|x86
		{C706CEAE-F660-43BE-85C2-EDAF35AC0A52}.Release|Mixed Platforms.ActiveCfg = Release|x86
		{C706CEAE-F660-43BE-85C2-EDAF35AC0A52}.Release|Mixed Platforms.Build.0 = Release|x86
		{C706CEAE-F660-43BE-85C2-EDAF35AC0A52}.Release|x86.ActiveCfg = Release|x86
		{C706CEAE-F660-43BE-85C2-EDAF35AC0A52}.Release|x86.Build.0 = Release|x86
	EndGlobalSection
	GlobalSection(SolutionProperties) = preSolution
		HideSolutionNode = FALSE
	EndGlobalSection
EndGlobal
