// !$*UTF8*$!
{
	archiveVersion = 1;
	classes = {
	};
	objectVersion = 46;
	objects = {

/* Begin PBXBuildFile section */
		F0E8FDC019B09A4500F33A27 /* Cocoa.framework in Frameworks */ = {isa = PBXBuildFile; fileRef = F0E8FDBF19B09A4500F33A27 /* Cocoa.framework */; };
		F0E8FDCA19B09A4500F33A27 /* InfoPlist.strings in Resources */ = {isa = PBXBuildFile; fileRef = F0E8FDC819B09A4500F33A27 /* InfoPlist.strings */; };
		F0E8FDCC19B09A4500F33A27 /* main.m in Sources */ = {isa = PBXBuildFile; fileRef = F0E8FDCB19B09A4500F33A27 /* main.m */; };
		F0E8FDD019B09A4500F33A27 /* Credits.rtf in Resources */ = {isa = PBXBuildFile; fileRef = F0E8FDCE19B09A4500F33A27 /* Credits.rtf */; };
		F0E8FDD619B09A4500F33A27 /* MainMenu.xib in Resources */ = {isa = PBXBuildFile; fileRef = F0E8FDD419B09A4500F33A27 /* MainMenu.xib */; };
		F0E8FDD819B09A4500F33A27 /* Images.xcassets in Resources */ = {isa = PBXBuildFile; fileRef = F0E8FDD719B09A4500F33A27 /* Images.xcassets */; };
		F0E8FDDF19B09A4500F33A27 /* XCTest.framework in Frameworks */ = {isa = PBXBuildFile; fileRef = F0E8FDDE19B09A4500F33A27 /* XCTest.framework */; };
		F0E8FDE019B09A4500F33A27 /* Cocoa.framework in Frameworks */ = {isa = PBXBuildFile; fileRef = F0E8FDBF19B09A4500F33A27 /* Cocoa.framework */; };
		F0E8FDE819B09A4500F33A27 /* InfoPlist.strings in Resources */ = {isa = PBXBuildFile; fileRef = F0E8FDE619B09A4500F33A27 /* InfoPlist.strings */; };
		F0E8FDEA19B09A4500F33A27 /* WearingSensorTests.m in Sources */ = {isa = PBXBuildFile; fileRef = F0E8FDE919B09A4500F33A27 /* WearingSensorTests.m */; };
		F0E8FDF419B09A7700F33A27 /* Spokes3GSDK.framework in Frameworks */ = {isa = PBXBuildFile; fileRef = F0E8FDF319B09A7700F33A27 /* Spokes3GSDK.framework */; };
		F0E8FDF619B09B1600F33A27 /* AppDelegate.mm in Sources */ = {isa = PBXBuildFile; fileRef = F0E8FDF519B09B1600F33A27 /* AppDelegate.mm */; };
		F0E8FE2319B09DFF00F33A27 /* Spokes3GSDK.framework in CopyFiles */ = {isa = PBXBuildFile; fileRef = F0E8FDF319B09A7700F33A27 /* Spokes3GSDK.framework */; };
/* End PBXBuildFile section */

/* Begin PBXContainerItemProxy section */
		F0E8FDE119B09A4500F33A27 /* PBXContainerItemProxy */ = {
			isa = PBXContainerItemProxy;
			containerPortal = F0E8FDB419B09A4500F33A27 /* Project object */;
			proxyType = 1;
			remoteGlobalIDString = F0E8FDBB19B09A4500F33A27;
			remoteInfo = WearingSensor;
		};
/* End PBXContainerItemProxy section */

/* Begin PBXCopyFilesBuildPhase section */
		F0E8FE2219B09DF800F33A27 /* CopyFiles */ = {
			isa = PBXCopyFilesBuildPhase;
			buildActionMask = 2147483647;
			dstPath = "";
			dstSubfolderSpec = 10;
			files = (
				F0E8FE2319B09DFF00F33A27 /* Spokes3GSDK.framework in CopyFiles */,
			);
			runOnlyForDeploymentPostprocessing = 0;
		};
/* End PBXCopyFilesBuildPhase section */

/* Begin PBXFileReference section */
		F0E8FDBC19B09A4500F33A27 /* WearingSensor.app */ = {isa = PBXFileReference; explicitFileType = wrapper.application; includeInIndex = 0; path = WearingSensor.app; sourceTree = BUILT_PRODUCTS_DIR; };
		F0E8FDBF19B09A4500F33A27 /* Cocoa.framework */ = {isa = PBXFileReference; lastKnownFileType = wrapper.framework; name = Cocoa.framework; path = System/Library/Frameworks/Cocoa.framework; sourceTree = SDKROOT; };
		F0E8FDC219B09A4500F33A27 /* AppKit.framework */ = {isa = PBXFileReference; lastKnownFileType = wrapper.framework; name = AppKit.framework; path = System/Library/Frameworks/AppKit.framework; sourceTree = SDKROOT; };
		F0E8FDC319B09A4500F33A27 /* CoreData.framework */ = {isa = PBXFileReference; lastKnownFileType = wrapper.framework; name = CoreData.framework; path = System/Library/Frameworks/CoreData.framework; sourceTree = SDKROOT; };
		F0E8FDC419B09A4500F33A27 /* Foundation.framework */ = {isa = PBXFileReference; lastKnownFileType = wrapper.framework; name = Foundation.framework; path = System/Library/Frameworks/Foundation.framework; sourceTree = SDKROOT; };
		F0E8FDC719B09A4500F33A27 /* WearingSensor-Info.plist */ = {isa = PBXFileReference; lastKnownFileType = text.plist.xml; path = "WearingSensor-Info.plist"; sourceTree = "<group>"; };
		F0E8FDC919B09A4500F33A27 /* en */ = {isa = PBXFileReference; lastKnownFileType = text.plist.strings; name = en; path = en.lproj/InfoPlist.strings; sourceTree = "<group>"; };
		F0E8FDCB19B09A4500F33A27 /* main.m */ = {isa = PBXFileReference; lastKnownFileType = sourcecode.c.objc; path = main.m; sourceTree = "<group>"; };
		F0E8FDCD19B09A4500F33A27 /* WearingSensor-Prefix.pch */ = {isa = PBXFileReference; lastKnownFileType = sourcecode.c.h; path = "WearingSensor-Prefix.pch"; sourceTree = "<group>"; };
		F0E8FDCF19B09A4500F33A27 /* en */ = {isa = PBXFileReference; lastKnownFileType = text.rtf; name = en; path = en.lproj/Credits.rtf; sourceTree = "<group>"; };
		F0E8FDD119B09A4500F33A27 /* AppDelegate.h */ = {isa = PBXFileReference; lastKnownFileType = sourcecode.c.h; path = AppDelegate.h; sourceTree = "<group>"; };
		F0E8FDD519B09A4500F33A27 /* Base */ = {isa = PBXFileReference; lastKnownFileType = file.xib; name = Base; path = Base.lproj/MainMenu.xib; sourceTree = "<group>"; };
		F0E8FDD719B09A4500F33A27 /* Images.xcassets */ = {isa = PBXFileReference; lastKnownFileType = folder.assetcatalog; path = Images.xcassets; sourceTree = "<group>"; };
		F0E8FDDD19B09A4500F33A27 /* WearingSensorTests.xctest */ = {isa = PBXFileReference; explicitFileType = wrapper.cfbundle; includeInIndex = 0; path = WearingSensorTests.xctest; sourceTree = BUILT_PRODUCTS_DIR; };
		F0E8FDDE19B09A4500F33A27 /* XCTest.framework */ = {isa = PBXFileReference; lastKnownFileType = wrapper.framework; name = XCTest.framework; path = Library/Frameworks/XCTest.framework; sourceTree = DEVELOPER_DIR; };
		F0E8FDE519B09A4500F33A27 /* WearingSensorTests-Info.plist */ = {isa = PBXFileReference; lastKnownFileType = text.plist.xml; path = "WearingSensorTests-Info.plist"; sourceTree = "<group>"; };
		F0E8FDE719B09A4500F33A27 /* en */ = {isa = PBXFileReference; lastKnownFileType = text.plist.strings; name = en; path = en.lproj/InfoPlist.strings; sourceTree = "<group>"; };
		F0E8FDE919B09A4500F33A27 /* WearingSensorTests.m */ = {isa = PBXFileReference; lastKnownFileType = sourcecode.c.objc; path = WearingSensorTests.m; sourceTree = "<group>"; };
		F0E8FDF319B09A7700F33A27 /* Spokes3GSDK.framework */ = {isa = PBXFileReference; lastKnownFileType = wrapper.framework; name = Spokes3GSDK.framework; path = ../Spokes3GSDK.framework; sourceTree = "<group>"; };
		F0E8FDF519B09B1600F33A27 /* AppDelegate.mm */ = {isa = PBXFileReference; fileEncoding = 4; lastKnownFileType = sourcecode.cpp.objcpp; path = AppDelegate.mm; sourceTree = "<group>"; };
/* End PBXFileReference section */

/* Begin PBXFrameworksBuildPhase section */
		F0E8FDB919B09A4500F33A27 /* Frameworks */ = {
			isa = PBXFrameworksBuildPhase;
			buildActionMask = 2147483647;
			files = (
				F0E8FDF419B09A7700F33A27 /* Spokes3GSDK.framework in Frameworks */,
				F0E8FDC019B09A4500F33A27 /* Cocoa.framework in Frameworks */,
			);
			runOnlyForDeploymentPostprocessing = 0;
		};
		F0E8FDDA19B09A4500F33A27 /* Frameworks */ = {
			isa = PBXFrameworksBuildPhase;
			buildActionMask = 2147483647;
			files = (
				F0E8FDE019B09A4500F33A27 /* Cocoa.framework in Frameworks */,
				F0E8FDDF19B09A4500F33A27 /* XCTest.framework in Frameworks */,
			);
			runOnlyForDeploymentPostprocessing = 0;
		};
/* End PBXFrameworksBuildPhase section */

/* Begin PBXGroup section */
		F0E8FDB319B09A4500F33A27 = {
			isa = PBXGroup;
			children = (
				F0E8FDF319B09A7700F33A27 /* Spokes3GSDK.framework */,
				F0E8FDC519B09A4500F33A27 /* WearingSensor */,
				F0E8FDE319B09A4500F33A27 /* WearingSensorTests */,
				F0E8FDBE19B09A4500F33A27 /* Frameworks */,
				F0E8FDBD19B09A4500F33A27 /* Products */,
			);
			sourceTree = "<group>";
		};
		F0E8FDBD19B09A4500F33A27 /* Products */ = {
			isa = PBXGroup;
			children = (
				F0E8FDBC19B09A4500F33A27 /* WearingSensor.app */,
				F0E8FDDD19B09A4500F33A27 /* WearingSensorTests.xctest */,
			);
			name = Products;
			sourceTree = "<group>";
		};
		F0E8FDBE19B09A4500F33A27 /* Frameworks */ = {
			isa = PBXGroup;
			children = (
				F0E8FDBF19B09A4500F33A27 /* Cocoa.framework */,
				F0E8FDDE19B09A4500F33A27 /* XCTest.framework */,
				F0E8FDC119B09A4500F33A27 /* Other Frameworks */,
			);
			name = Frameworks;
			sourceTree = "<group>";
		};
		F0E8FDC119B09A4500F33A27 /* Other Frameworks */ = {
			isa = PBXGroup;
			children = (
				F0E8FDC219B09A4500F33A27 /* AppKit.framework */,
				F0E8FDC319B09A4500F33A27 /* CoreData.framework */,
				F0E8FDC419B09A4500F33A27 /* Foundation.framework */,
			);
			name = "Other Frameworks";
			sourceTree = "<group>";
		};
		F0E8FDC519B09A4500F33A27 /* WearingSensor */ = {
			isa = PBXGroup;
			children = (
				F0E8FDF519B09B1600F33A27 /* AppDelegate.mm */,
				F0E8FDD119B09A4500F33A27 /* AppDelegate.h */,
				F0E8FDD419B09A4500F33A27 /* MainMenu.xib */,
				F0E8FDD719B09A4500F33A27 /* Images.xcassets */,
				F0E8FDC619B09A4500F33A27 /* Supporting Files */,
			);
			path = WearingSensor;
			sourceTree = "<group>";
		};
		F0E8FDC619B09A4500F33A27 /* Supporting Files */ = {
			isa = PBXGroup;
			children = (
				F0E8FDC719B09A4500F33A27 /* WearingSensor-Info.plist */,
				F0E8FDC819B09A4500F33A27 /* InfoPlist.strings */,
				F0E8FDCB19B09A4500F33A27 /* main.m */,
				F0E8FDCD19B09A4500F33A27 /* WearingSensor-Prefix.pch */,
				F0E8FDCE19B09A4500F33A27 /* Credits.rtf */,
			);
			name = "Supporting Files";
			sourceTree = "<group>";
		};
		F0E8FDE319B09A4500F33A27 /* WearingSensorTests */ = {
			isa = PBXGroup;
			children = (
				F0E8FDE919B09A4500F33A27 /* WearingSensorTests.m */,
				F0E8FDE419B09A4500F33A27 /* Supporting Files */,
			);
			path = WearingSensorTests;
			sourceTree = "<group>";
		};
		F0E8FDE419B09A4500F33A27 /* Supporting Files */ = {
			isa = PBXGroup;
			children = (
				F0E8FDE519B09A4500F33A27 /* WearingSensorTests-Info.plist */,
				F0E8FDE619B09A4500F33A27 /* InfoPlist.strings */,
			);
			name = "Supporting Files";
			sourceTree = "<group>";
		};
/* End PBXGroup section */

/* Begin PBXNativeTarget section */
		F0E8FDBB19B09A4500F33A27 /* WearingSensor */ = {
			isa = PBXNativeTarget;
			buildConfigurationList = F0E8FDED19B09A4500F33A27 /* Build configuration list for PBXNativeTarget "WearingSensor" */;
			buildPhases = (
				F0E8FDB819B09A4500F33A27 /* Sources */,
				F0E8FDB919B09A4500F33A27 /* Frameworks */,
				F0E8FDBA19B09A4500F33A27 /* Resources */,
				F0E8FE2219B09DF800F33A27 /* CopyFiles */,
			);
			buildRules = (
			);
			dependencies = (
			);
			name = WearingSensor;
			productName = WearingSensor;
			productReference = F0E8FDBC19B09A4500F33A27 /* WearingSensor.app */;
			productType = "com.apple.product-type.application";
		};
		F0E8FDDC19B09A4500F33A27 /* WearingSensorTests */ = {
			isa = PBXNativeTarget;
			buildConfigurationList = F0E8FDF019B09A4500F33A27 /* Build configuration list for PBXNativeTarget "WearingSensorTests" */;
			buildPhases = (
				F0E8FDD919B09A4500F33A27 /* Sources */,
				F0E8FDDA19B09A4500F33A27 /* Frameworks */,
				F0E8FDDB19B09A4500F33A27 /* Resources */,
			);
			buildRules = (
			);
			dependencies = (
				F0E8FDE219B09A4500F33A27 /* PBXTargetDependency */,
			);
			name = WearingSensorTests;
			productName = WearingSensorTests;
			productReference = F0E8FDDD19B09A4500F33A27 /* WearingSensorTests.xctest */;
			productType = "com.apple.product-type.bundle.unit-test";
		};
/* End PBXNativeTarget section */

/* Begin PBXProject section */
		F0E8FDB419B09A4500F33A27 /* Project object */ = {
			isa = PBXProject;
			attributes = {
				LastUpgradeCheck = 0510;
				ORGANIZATIONNAME = "Plantronics Inc.";
				TargetAttributes = {
					F0E8FDDC19B09A4500F33A27 = {
						TestTargetID = F0E8FDBB19B09A4500F33A27;
					};
				};
			};
			buildConfigurationList = F0E8FDB719B09A4500F33A27 /* Build configuration list for PBXProject "WearingSensor" */;
			compatibilityVersion = "Xcode 3.2";
			developmentRegion = English;
			hasScannedForEncodings = 0;
			knownRegions = (
				en,
				Base,
			);
			mainGroup = F0E8FDB319B09A4500F33A27;
			productRefGroup = F0E8FDBD19B09A4500F33A27 /* Products */;
			projectDirPath = "";
			projectRoot = "";
			targets = (
				F0E8FDBB19B09A4500F33A27 /* WearingSensor */,
				F0E8FDDC19B09A4500F33A27 /* WearingSensorTests */,
			);
		};
/* End PBXProject section */

/* Begin PBXResourcesBuildPhase section */
		F0E8FDBA19B09A4500F33A27 /* Resources */ = {
			isa = PBXResourcesBuildPhase;
			buildActionMask = 2147483647;
			files = (
				F0E8FDCA19B09A4500F33A27 /* InfoPlist.strings in Resources */,
				F0E8FDD819B09A4500F33A27 /* Images.xcassets in Resources */,
				F0E8FDD019B09A4500F33A27 /* Credits.rtf in Resources */,
				F0E8FDD619B09A4500F33A27 /* MainMenu.xib in Resources */,
			);
			runOnlyForDeploymentPostprocessing = 0;
		};
		F0E8FDDB19B09A4500F33A27 /* Resources */ = {
			isa = PBXResourcesBuildPhase;
			buildActionMask = 2147483647;
			files = (
				F0E8FDE819B09A4500F33A27 /* InfoPlist.strings in Resources */,
			);
			runOnlyForDeploymentPostprocessing = 0;
		};
/* End PBXResourcesBuildPhase section */

/* Begin PBXSourcesBuildPhase section */
		F0E8FDB819B09A4500F33A27 /* Sources */ = {
			isa = PBXSourcesBuildPhase;
			buildActionMask = 2147483647;
			files = (
				F0E8FDF619B09B1600F33A27 /* AppDelegate.mm in Sources */,
				F0E8FDCC19B09A4500F33A27 /* main.m in Sources */,
			);
			runOnlyForDeploymentPostprocessing = 0;
		};
		F0E8FDD919B09A4500F33A27 /* Sources */ = {
			isa = PBXSourcesBuildPhase;
			buildActionMask = 2147483647;
			files = (
				F0E8FDEA19B09A4500F33A27 /* WearingSensorTests.m in Sources */,
			);
			runOnlyForDeploymentPostprocessing = 0;
		};
/* End PBXSourcesBuildPhase section */

/* Begin PBXTargetDependency section */
		F0E8FDE219B09A4500F33A27 /* PBXTargetDependency */ = {
			isa = PBXTargetDependency;
			target = F0E8FDBB19B09A4500F33A27 /* WearingSensor */;
			targetProxy = F0E8FDE119B09A4500F33A27 /* PBXContainerItemProxy */;
		};
/* End PBXTargetDependency section */

/* Begin PBXVariantGroup section */
		F0E8FDC819B09A4500F33A27 /* InfoPlist.strings */ = {
			isa = PBXVariantGroup;
			children = (
				F0E8FDC919B09A4500F33A27 /* en */,
			);
			name = InfoPlist.strings;
			sourceTree = "<group>";
		};
		F0E8FDCE19B09A4500F33A27 /* Credits.rtf */ = {
			isa = PBXVariantGroup;
			children = (
				F0E8FDCF19B09A4500F33A27 /* en */,
			);
			name = Credits.rtf;
			sourceTree = "<group>";
		};
		F0E8FDD419B09A4500F33A27 /* MainMenu.xib */ = {
			isa = PBXVariantGroup;
			children = (
				F0E8FDD519B09A4500F33A27 /* Base */,
			);
			name = MainMenu.xib;
			sourceTree = "<group>";
		};
		F0E8FDE619B09A4500F33A27 /* InfoPlist.strings */ = {
			isa = PBXVariantGroup;
			children = (
				F0E8FDE719B09A4500F33A27 /* en */,
			);
			name = InfoPlist.strings;
			sourceTree = "<group>";
		};
/* End PBXVariantGroup section */

/* Begin XCBuildConfiguration section */
		F0E8FDEB19B09A4500F33A27 /* Debug */ = {
			isa = XCBuildConfiguration;
			buildSettings = {
				ALWAYS_SEARCH_USER_PATHS = NO;
				CLANG_CXX_LANGUAGE_STANDARD = "gnu++0x";
				CLANG_CXX_LIBRARY = "libc++";
				CLANG_ENABLE_MODULES = YES;
				CLANG_ENABLE_OBJC_ARC = YES;
				CLANG_WARN_BOOL_CONVERSION = YES;
				CLANG_WARN_CONSTANT_CONVERSION = YES;
				CLANG_WARN_DIRECT_OBJC_ISA_USAGE = YES_ERROR;
				CLANG_WARN_EMPTY_BODY = YES;
				CLANG_WARN_ENUM_CONVERSION = YES;
				CLANG_WARN_INT_CONVERSION = YES;
				CLANG_WARN_OBJC_ROOT_CLASS = YES_ERROR;
				CLANG_WARN__DUPLICATE_METHOD_MATCH = YES;
				COPY_PHASE_STRIP = NO;
				GCC_C_LANGUAGE_STANDARD = gnu99;
				GCC_DYNAMIC_NO_PIC = NO;
				GCC_ENABLE_OBJC_EXCEPTIONS = YES;
				GCC_OPTIMIZATION_LEVEL = 0;
				GCC_PREPROCESSOR_DEFINITIONS = (
					"DEBUG=1",
					"$(inherited)",
				);
				GCC_SYMBOLS_PRIVATE_EXTERN = NO;
				GCC_WARN_64_TO_32_BIT_CONVERSION = YES;
				GCC_WARN_ABOUT_RETURN_TYPE = YES_ERROR;
				GCC_WARN_UNDECLARED_SELECTOR = YES;
				GCC_WARN_UNINITIALIZED_AUTOS = YES_AGGRESSIVE;
				GCC_WARN_UNUSED_FUNCTION = YES;
				GCC_WARN_UNUSED_VARIABLE = YES;
				MACOSX_DEPLOYMENT_TARGET = 10.9;
				ONLY_ACTIVE_ARCH = YES;
				SDKROOT = macosx;
			};
			name = Debug;
		};
		F0E8FDEC19B09A4500F33A27 /* Release */ = {
			isa = XCBuildConfiguration;
			buildSettings = {
				ALWAYS_SEARCH_USER_PATHS = NO;
				CLANG_CXX_LANGUAGE_STANDARD = "gnu++0x";
				CLANG_CXX_LIBRARY = "libc++";
				CLANG_ENABLE_MODULES = YES;
				CLANG_ENABLE_OBJC_ARC = YES;
				CLANG_WARN_BOOL_CONVERSION = YES;
				CLANG_WARN_CONSTANT_CONVERSION = YES;
				CLANG_WARN_DIRECT_OBJC_ISA_USAGE = YES_ERROR;
				CLANG_WARN_EMPTY_BODY = YES;
				CLANG_WARN_ENUM_CONVERSION = YES;
				CLANG_WARN_INT_CONVERSION = YES;
				CLANG_WARN_OBJC_ROOT_CLASS = YES_ERROR;
				CLANG_WARN__DUPLICATE_METHOD_MATCH = YES;
				COPY_PHASE_STRIP = YES;
				DEBUG_INFORMATION_FORMAT = "dwarf-with-dsym";
				ENABLE_NS_ASSERTIONS = NO;
				GCC_C_LANGUAGE_STANDARD = gnu99;
				GCC_ENABLE_OBJC_EXCEPTIONS = YES;
				GCC_WARN_64_TO_32_BIT_CONVERSION = YES;
				GCC_WARN_ABOUT_RETURN_TYPE = YES_ERROR;
				GCC_WARN_UNDECLARED_SELECTOR = YES;
				GCC_WARN_UNINITIALIZED_AUTOS = YES_AGGRESSIVE;
				GCC_WARN_UNUSED_FUNCTION = YES;
				GCC_WARN_UNUSED_VARIABLE = YES;
				MACOSX_DEPLOYMENT_TARGET = 10.9;
				SDKROOT = macosx;
			};
			name = Release;
		};
		F0E8FDEE19B09A4500F33A27 /* Debug */ = {
			isa = XCBuildConfiguration;
			buildSettings = {
				ASSETCATALOG_COMPILER_APPICON_NAME = AppIcon;
				COMBINE_HIDPI_IMAGES = YES;
				FRAMEWORK_SEARCH_PATHS = ../;
				GCC_PRECOMPILE_PREFIX_HEADER = YES;
				GCC_PREFIX_HEADER = "WearingSensor/WearingSensor-Prefix.pch";
				HEADER_SEARCH_PATHS = (
					"$(inherited)",
					/Applications/Xcode.app/Contents/Developer/Toolchains/XcodeDefault.xctoolchain/usr/include,
					../Spokes3GSDK.framework/Headers,
				);
				INFOPLIST_FILE = "WearingSensor/WearingSensor-Info.plist";
				PRODUCT_NAME = "$(TARGET_NAME)";
				WRAPPER_EXTENSION = app;
			};
			name = Debug;
		};
		F0E8FDEF19B09A4500F33A27 /* Release */ = {
			isa = XCBuildConfiguration;
			buildSettings = {
				ASSETCATALOG_COMPILER_APPICON_NAME = AppIcon;
				COMBINE_HIDPI_IMAGES = YES;
				FRAMEWORK_SEARCH_PATHS = ../;
				GCC_PRECOMPILE_PREFIX_HEADER = YES;
				GCC_PREFIX_HEADER = "WearingSensor/WearingSensor-Prefix.pch";
				HEADER_SEARCH_PATHS = (
					"$(inherited)",
					/Applications/Xcode.app/Contents/Developer/Toolchains/XcodeDefault.xctoolchain/usr/include,
					../Spokes3GSDK.framework/Headers,
				);
				INFOPLIST_FILE = "WearingSensor/WearingSensor-Info.plist";
				PRODUCT_NAME = "$(TARGET_NAME)";
				WRAPPER_EXTENSION = app;
			};
			name = Release;
		};
		F0E8FDF119B09A4500F33A27 /* Debug */ = {
			isa = XCBuildConfiguration;
			buildSettings = {
				BUNDLE_LOADER = "$(BUILT_PRODUCTS_DIR)/WearingSensor.app/Contents/MacOS/WearingSensor";
				COMBINE_HIDPI_IMAGES = YES;
				FRAMEWORK_SEARCH_PATHS = (
					"$(DEVELOPER_FRAMEWORKS_DIR)",
					"$(inherited)",
				);
				GCC_PRECOMPILE_PREFIX_HEADER = YES;
				GCC_PREFIX_HEADER = "WearingSensor/WearingSensor-Prefix.pch";
				GCC_PREPROCESSOR_DEFINITIONS = (
					"DEBUG=1",
					"$(inherited)",
				);
				INFOPLIST_FILE = "WearingSensorTests/WearingSensorTests-Info.plist";
				PRODUCT_NAME = "$(TARGET_NAME)";
				TEST_HOST = "$(BUNDLE_LOADER)";
				WRAPPER_EXTENSION = xctest;
			};
			name = Debug;
		};
		F0E8FDF219B09A4500F33A27 /* Release */ = {
			isa = XCBuildConfiguration;
			buildSettings = {
				BUNDLE_LOADER = "$(BUILT_PRODUCTS_DIR)/WearingSensor.app/Contents/MacOS/WearingSensor";
				COMBINE_HIDPI_IMAGES = YES;
				FRAMEWORK_SEARCH_PATHS = (
					"$(DEVELOPER_FRAMEWORKS_DIR)",
					"$(inherited)",
				);
				GCC_PRECOMPILE_PREFIX_HEADER = YES;
				GCC_PREFIX_HEADER = "WearingSensor/WearingSensor-Prefix.pch";
				INFOPLIST_FILE = "WearingSensorTests/WearingSensorTests-Info.plist";
				PRODUCT_NAME = "$(TARGET_NAME)";
				TEST_HOST = "$(BUNDLE_LOADER)";
				WRAPPER_EXTENSION = xctest;
			};
			name = Release;
		};
/* End XCBuildConfiguration section */

/* Begin XCConfigurationList section */
		F0E8FDB719B09A4500F33A27 /* Build configuration list for PBXProject "WearingSensor" */ = {
			isa = XCConfigurationList;
			buildConfigurations = (
				F0E8FDEB19B09A4500F33A27 /* Debug */,
				F0E8FDEC19B09A4500F33A27 /* Release */,
			);
			defaultConfigurationIsVisible = 0;
			defaultConfigurationName = Release;
		};
		F0E8FDED19B09A4500F33A27 /* Build configuration list for PBXNativeTarget "WearingSensor" */ = {
			isa = XCConfigurationList;
			buildConfigurations = (
				F0E8FDEE19B09A4500F33A27 /* Debug */,
				F0E8FDEF19B09A4500F33A27 /* Release */,
			);
			defaultConfigurationIsVisible = 0;
		};
		F0E8FDF019B09A4500F33A27 /* Build configuration list for PBXNativeTarget "WearingSensorTests" */ = {
			isa = XCConfigurationList;
			buildConfigurations = (
				F0E8FDF119B09A4500F33A27 /* Debug */,
				F0E8FDF219B09A4500F33A27 /* Release */,
			);
			defaultConfigurationIsVisible = 0;
		};
/* End XCConfigurationList section */
	};
	rootObject = F0E8FDB419B09A4500F33A27 /* Project object */;
}
